
Microsoft Visual Studio Solution File, Format Version 12.00
# Visual Studio Version 16
VisualStudioVersion = 25.0.1705.2
MinimumVisualStudioVersion = 10.0.40219.1
Project("{FAE04EC0-301F-11D3-BF4B-00C04F79EFBC}") = "TrustRegistry", "TrustRegistry\TrustRegistry.csproj", "{AA841119-88D7-4CA3-B97E-CCD1AA89B742}"
EndProject
Global
	GlobalSection(SolutionConfigurationPlatforms) = preSolution
		Debug|Any CPU = Debug|Any CPU
		Release|Any CPU = Release|Any CPU
	EndGlobalSection
	GlobalSection(ProjectConfigurationPlatforms) = postSolution
		{AA841119-88D7-4CA3-B97E-CCD1AA89B742}.Debug|Any CPU.ActiveCfg = Debug|Any CPU
		{AA841119-88D7-4CA3-B97E-CCD1AA89B742}.Debug|Any CPU.Build.0 = Debug|Any CPU
		{AA841119-88D7-4CA3-B97E-CCD1AA89B742}.Release|Any CPU.ActiveCfg = Release|Any CPU
		{AA841119-88D7-4CA3-B97E-CCD1AA89B742}.Release|Any CPU.Build.0 = Release|Any CPU
	EndGlobalSection
	GlobalSection(SolutionProperties) = preSolution
		HideSolutionNode = FALSE
	EndGlobalSection
	GlobalSection(ExtensibilityGlobals) = postSolution
		SolutionGuid = {DF3B8334-1FFA-4DA6-BFBB-BC34C4804F11}
	EndGlobalSection
EndGlobal
